
Microsoft Visual Studio Solution File, Format Version 12.00
# Visual Studio Version 17
VisualStudioVersion = 17.8.34601.278
MinimumVisualStudioVersion = 10.0.40219.1
Project("{FAE04EC0-301F-11D3-BF4B-00C04F79EFBC}") = "Shape", "Shape\Shape.csproj", "{9334095A-593E-41A5-912D-7850F20BF2AF}"
EndProject
Global
	GlobalSection(SolutionConfigurationPlatforms) = preSolution
		Debug|Any CPU = Debug|Any CPU
		Release|Any CPU = Release|Any CPU
	EndGlobalSection
	GlobalSection(ProjectConfigurationPlatforms) = postSolution
		{9334095A-593E-41A5-912D-7850F20BF2AF}.Debug|Any CPU.ActiveCfg = Debug|Any CPU
		{9334095A-593E-41A5-912D-7850F20BF2AF}.Debug|Any CPU.Build.0 = Debug|Any CPU
		{9334095A-593E-41A5-912D-7850F20BF2AF}.Release|Any CPU.ActiveCfg = Release|Any CPU
		{9334095A-593E-41A5-912D-7850F20BF2AF}.Release|Any CPU.Build.0 = Release|Any CPU
	EndGlobalSection
	GlobalSection(SolutionProperties) = preSolution
		HideSolutionNode = FALSE
	EndGlobalSection
	GlobalSection(ExtensibilityGlobals) = postSolution
		SolutionGuid = {92B03B66-677F-4703-9F2B-FA2885C0C943}
	EndGlobalSection
EndGlobal
